
Microsoft Visual Studio Solution File, Format Version 12.00
# Visual Studio Version 16
VisualStudioVersion = 16.0.30002.166
MinimumVisualStudioVersion = 10.0.40219.1
Project("{9A19103F-16F7-4668-BE54-9A1E7A4F7556}") = "Trs.PegParser", "Trs.PegParser\Trs.PegParser.csproj", "{D865A7C0-F0E1-44FA-858A-5BEC2F94154B}"
EndProject
Project("{FAE04EC0-301F-11D3-BF4B-00C04F79EFBC}") = "Trs.PegParser.Tests", "Trs.PegParser.Tests\Trs.PegParser.Tests.csproj", "{C90EDCB9-7CF4-422C-8EB3-F44E23F91A5A}"
EndProject
Global
	GlobalSection(SolutionConfigurationPlatforms) = preSolution
		Debug|Any CPU = Debug|Any CPU
		Release|Any CPU = Release|Any CPU
	EndGlobalSection
	GlobalSection(ProjectConfigurationPlatforms) = postSolution
		{D865A7C0-F0E1-44FA-858A-5BEC2F94154B}.Debug|Any CPU.ActiveCfg = Debug|Any CPU
		{D865A7C0-F0E1-44FA-858A-5BEC2F94154B}.Debug|Any CPU.Build.0 = Debug|Any CPU
		{D865A7C0-F0E1-44FA-858A-5BEC2F94154B}.Release|Any CPU.ActiveCfg = Release|Any CPU
		{D865A7C0-F0E1-44FA-858A-5BEC2F94154B}.Release|Any CPU.Build.0 = Release|Any CPU
		{C90EDCB9-7CF4-422C-8EB3-F44E23F91A5A}.Debug|Any CPU.ActiveCfg = Debug|Any CPU
		{C90EDCB9-7CF4-422C-8EB3-F44E23F91A5A}.Debug|Any CPU.Build.0 = Debug|Any CPU
		{C90EDCB9-7CF4-422C-8EB3-F44E23F91A5A}.Release|Any CPU.ActiveCfg = Release|Any CPU
		{C90EDCB9-7CF4-422C-8EB3-F44E23F91A5A}.Release|Any CPU.Build.0 = Release|Any CPU
	EndGlobalSection
	GlobalSection(SolutionProperties) = preSolution
		HideSolutionNode = FALSE
	EndGlobalSection
	GlobalSection(ExtensibilityGlobals) = postSolution
		SolutionGuid = {FC006333-AF02-4165-BA8C-DD67FC1DB628}
	EndGlobalSection
EndGlobal
